
Microsoft Visual Studio Solution File, Format Version 12.00
# Visual Studio Version 17
VisualStudioVersion = 17.13.35806.99 d17.13
MinimumVisualStudioVersion = 10.0.40219.1
Project("{FAE04EC0-301F-11D3-BF4B-00C04F79EFBC}") = "RadarUpHill", "RadarUpHill\RadarUpHill.csproj", "{2A1BAE46-2EAD-45FB-A6B4-A7151BB8FD68}"
EndProject
Global
	GlobalSection(SolutionConfigurationPlatforms) = preSolution
		Debug|Any CPU = Debug|Any CPU
		Release|Any CPU = Release|Any CPU
	EndGlobalSection
	GlobalSection(ProjectConfigurationPlatforms) = postSolution
		{2A1BAE46-2EAD-45FB-A6B4-A7151BB8FD68}.Debug|Any CPU.ActiveCfg = Debug|Any CPU
		{2A1BAE46-2EAD-45FB-A6B4-A7151BB8FD68}.Debug|Any CPU.Build.0 = Debug|Any CPU
		{2A1BAE46-2EAD-45FB-A6B4-A7151BB8FD68}.Release|Any CPU.ActiveCfg = Release|Any CPU
		{2A1BAE46-2EAD-45FB-A6B4-A7151BB8FD68}.Release|Any CPU.Build.0 = Release|Any CPU
	EndGlobalSection
	GlobalSection(SolutionProperties) = preSolution
		HideSolutionNode = FALSE
	EndGlobalSection
	GlobalSection(ExtensibilityGlobals) = postSolution
		SolutionGuid = {BD135CE1-B327-4525-9AC0-F60BA80A1460}
	EndGlobalSection
EndGlobal
